
Microsoft Visual Studio Solution File, Format Version 12.00
# Visual Studio 14
VisualStudioVersion = 14.0.23107.0
MinimumVisualStudioVersion = 10.0.40219.1
Project("{FAE04EC0-301F-11D3-BF4B-00C04F79EFBC}") = "dz2", "dz2\dz2.csproj", "{D5076608-D939-4458-888A-516EC7EBF50A}"
EndProject
Project("{FAE04EC0-301F-11D3-BF4B-00C04F79EFBC}") = "dz2Tests", "dz2Tests\dz2Tests.csproj", "{A19E6691-3718-445E-BCEC-312CAD8C0DC7}"
EndProject
Global
	GlobalSection(SolutionConfigurationPlatforms) = preSolution
		Debug|Any CPU = Debug|Any CPU
		Release|Any CPU = Release|Any CPU
	EndGlobalSection
	GlobalSection(ProjectConfigurationPlatforms) = postSolution
		{D5076608-D939-4458-888A-516EC7EBF50A}.Debug|Any CPU.ActiveCfg = Debug|Any CPU
		{D5076608-D939-4458-888A-516EC7EBF50A}.Debug|Any CPU.Build.0 = Debug|Any CPU
		{D5076608-D939-4458-888A-516EC7EBF50A}.Release|Any CPU.ActiveCfg = Release|Any CPU
		{D5076608-D939-4458-888A-516EC7EBF50A}.Release|Any CPU.Build.0 = Release|Any CPU
		{A19E6691-3718-445E-BCEC-312CAD8C0DC7}.Debug|Any CPU.ActiveCfg = Debug|Any CPU
		{A19E6691-3718-445E-BCEC-312CAD8C0DC7}.Debug|Any CPU.Build.0 = Debug|Any CPU
		{A19E6691-3718-445E-BCEC-312CAD8C0DC7}.Release|Any CPU.ActiveCfg = Release|Any CPU
		{A19E6691-3718-445E-BCEC-312CAD8C0DC7}.Release|Any CPU.Build.0 = Release|Any CPU
	EndGlobalSection
	GlobalSection(SolutionProperties) = preSolution
		HideSolutionNode = FALSE
	EndGlobalSection
EndGlobal
